// !$*UTF8*$!
{
	archiveVersion = 1;
	classes = {
	};
	objectVersion = 77;
	objects = {

/* Begin PBXContainerItemProxy section */
		44EF15312D5C180100A2792D /* PBXContainerItemProxy */ = {
			isa = PBXContainerItemProxy;
			containerPortal = 44EF15182D5C17FF00A2792D /* Project object */;
			proxyType = 1;
			remoteGlobalIDString = 44EF151F2D5C17FF00A2792D;
			remoteInfo = RickAndMortySearchApp;
		};
		44EF153B2D5C180100A2792D /* PBXContainerItemProxy */ = {
			isa = PBXContainerItemProxy;
			containerPortal = 44EF15182D5C17FF00A2792D /* Project object */;
			proxyType = 1;
			remoteGlobalIDString = 44EF151F2D5C17FF00A2792D;
			remoteInfo = RickAndMortySearchApp;
		};
/* End PBXContainerItemProxy section */

/* Begin PBXFileReference section */
		44EF15202D5C17FF00A2792D /* RickAndMortySearchApp.app */ = {isa = PBXFileReference; explicitFileType = wrapper.application; includeInIndex = 0; path = RickAndMortySearchApp.app; sourceTree = BUILT_PRODUCTS_DIR; };
		44EF15302D5C180100A2792D /* RickAndMortySearchAppTests.xctest */ = {isa = PBXFileReference; explicitFileType = wrapper.cfbundle; includeInIndex = 0; path = RickAndMortySearchAppTests.xctest; sourceTree = BUILT_PRODUCTS_DIR; };
		44EF153A2D5C180100A2792D /* RickAndMortySearchAppUITests.xctest */ = {isa = PBXFileReference; explicitFileType = wrapper.cfbundle; includeInIndex = 0; path = RickAndMortySearchAppUITests.xctest; sourceTree = BUILT_PRODUCTS_DIR; };
/* End PBXFileReference section */

/* Begin PBXFileSystemSynchronizedRootGroup section */
		44EF15222D5C17FF00A2792D /* RickAndMortySearchApp */ = {
			isa = PBXFileSystemSynchronizedRootGroup;
			path = RickAndMortySearchApp;
			sourceTree = "<group>";
		};
		44EF15332D5C180100A2792D /* RickAndMortySearchAppTests */ = {
			isa = PBXFileSystemSynchronizedRootGroup;
			path = RickAndMortySearchAppTests;
			sourceTree = "<group>";
		};
		44EF153D2D5C180100A2792D /* RickAndMortySearchAppUITests */ = {
			isa = PBXFileSystemSynchronizedRootGroup;
			path = RickAndMortySearchAppUITests;
			sourceTree = "<group>";
		};
/* End PBXFileSystemSynchronizedRootGroup section */

/* Begin PBXFrameworksBuildPhase section */
		44EF151D2D5C17FF00A2792D /* Frameworks */ = {
			isa = PBXFrameworksBuildPhase;
			buildActionMask = 2147483647;
			files = (
			);
			runOnlyForDeploymentPostprocessing = 0;
		};
		44EF152D2D5C180100A2792D /* Frameworks */ = {
			isa = PBXFrameworksBuildPhase;
			buildActionMask = 2147483647;
			files = (
			);
			runOnlyForDeploymentPostprocessing = 0;
		};
		44EF15372D5C180100A2792D /* Frameworks */ = {
			isa = PBXFrameworksBuildPhase;
			buildActionMask = 2147483647;
			files = (
			);
			runOnlyForDeploymentPostprocessing = 0;
		};
/* End PBXFrameworksBuildPhase section */

/* Begin PBXGroup section */
		44EF15172D5C17FF00A2792D = {
			isa = PBXGroup;
			children = (
				44EF15222D5C17FF00A2792D /* RickAndMortySearchApp */,
				44EF15332D5C180100A2792D /* RickAndMortySearchAppTests */,
				44EF153D2D5C180100A2792D /* RickAndMortySearchAppUITests */,
				44EF15212D5C17FF00A2792D /* Products */,
			);
			sourceTree = "<group>";
		};
		44EF15212D5C17FF00A2792D /* Products */ = {
			isa = PBXGroup;
			children = (
				44EF15202D5C17FF00A2792D /* RickAndMortySearchApp.app */,
				44EF15302D5C180100A2792D /* RickAndMortySearchAppTests.xctest */,
				44EF153A2D5C180100A2792D /* RickAndMortySearchAppUITests.xctest */,
			);
			name = Products;
			sourceTree = "<group>";
		};
/* End PBXGroup section */

/* Begin PBXNativeTarget section */
		44EF151F2D5C17FF00A2792D /* RickAndMortySearchApp */ = {
			isa = PBXNativeTarget;
			buildConfigurationList = 44EF15442D5C180100A2792D /* Build configuration list for PBXNativeTarget "RickAndMortySearchApp" */;
			buildPhases = (
				44EF151C2D5C17FF00A2792D /* Sources */,
				44EF151D2D5C17FF00A2792D /* Frameworks */,
				44EF151E2D5C17FF00A2792D /* Resources */,
			);
			buildRules = (
			);
			dependencies = (
			);
			fileSystemSynchronizedGroups = (
				44EF15222D5C17FF00A2792D /* RickAndMortySearchApp */,
			);
			name = RickAndMortySearchApp;
			packageProductDependencies = (
			);
			productName = RickAndMortySearchApp;
			productReference = 44EF15202D5C17FF00A2792D /* RickAndMortySearchApp.app */;
			productType = "com.apple.product-type.application";
		};
		44EF152F2D5C180100A2792D /* RickAndMortySearchAppTests */ = {
			isa = PBXNativeTarget;
			buildConfigurationList = 44EF15472D5C180100A2792D /* Build configuration list for PBXNativeTarget "RickAndMortySearchAppTests" */;
			buildPhases = (
				44EF152C2D5C180100A2792D /* Sources */,
				44EF152D2D5C180100A2792D /* Frameworks */,
				44EF152E2D5C180100A2792D /* Resources */,
			);
			buildRules = (
			);
			dependencies = (
				44EF15322D5C180100A2792D /* PBXTargetDependency */,
			);
			fileSystemSynchronizedGroups = (
				44EF15332D5C180100A2792D /* RickAndMortySearchAppTests */,
			);
			name = RickAndMortySearchAppTests;
			packageProductDependencies = (
			);
			productName = RickAndMortySearchAppTests;
			productReference = 44EF15302D5C180100A2792D /* RickAndMortySearchAppTests.xctest */;
			productType = "com.apple.product-type.bundle.unit-test";
		};
		44EF15392D5C180100A2792D /* RickAndMortySearchAppUITests */ = {
			isa = PBXNativeTarget;
			buildConfigurationList = 44EF154A2D5C180100A2792D /* Build configuration list for PBXNativeTarget "RickAndMortySearchAppUITests" */;
			buildPhases = (
				44EF15362D5C180100A2792D /* Sources */,
				44EF15372D5C180100A2792D /* Frameworks */,
				44EF15382D5C180100A2792D /* Resources */,
			);
			buildRules = (
			);
			dependencies = (
				44EF153C2D5C180100A2792D /* PBXTargetDependency */,
			);
			fileSystemSynchronizedGroups = (
				44EF153D2D5C180100A2792D /* RickAndMortySearchAppUITests */,
			);
			name = RickAndMortySearchAppUITests;
			packageProductDependencies = (
			);
			productName = RickAndMortySearchAppUITests;
			productReference = 44EF153A2D5C180100A2792D /* RickAndMortySearchAppUITests.xctest */;
			productType = "com.apple.product-type.bundle.ui-testing";
		};
/* End PBXNativeTarget section */

/* Begin PBXProject section */
		44EF15182D5C17FF00A2792D /* Project object */ = {
			isa = PBXProject;
			attributes = {
				BuildIndependentTargetsInParallel = 1;
				LastSwiftUpdateCheck = 1600;
				LastUpgradeCheck = 1600;
				TargetAttributes = {
					44EF151F2D5C17FF00A2792D = {
						CreatedOnToolsVersion = 16.0;
					};
					44EF152F2D5C180100A2792D = {
						CreatedOnToolsVersion = 16.0;
						TestTargetID = 44EF151F2D5C17FF00A2792D;
					};
					44EF15392D5C180100A2792D = {
						CreatedOnToolsVersion = 16.0;
						TestTargetID = 44EF151F2D5C17FF00A2792D;
					};
				};
			};
			buildConfigurationList = 44EF151B2D5C17FF00A2792D /* Build configuration list for PBXProject "RickAndMortySearchApp" */;
			developmentRegion = en;
			hasScannedForEncodings = 0;
			knownRegions = (
				en,
				Base,
			);
			mainGroup = 44EF15172D5C17FF00A2792D;
			minimizedProjectReferenceProxies = 1;
			preferredProjectObjectVersion = 77;
			productRefGroup = 44EF15212D5C17FF00A2792D /* Products */;
			projectDirPath = "";
			projectRoot = "";
			targets = (
				44EF151F2D5C17FF00A2792D /* RickAndMortySearchApp */,
				44EF152F2D5C180100A2792D /* RickAndMortySearchAppTests */,
				44EF15392D5C180100A2792D /* RickAndMortySearchAppUITests */,
			);
		};
/* End PBXProject section */

/* Begin PBXResourcesBuildPhase section */
		44EF151E2D5C17FF00A2792D /* Resources */ = {
			isa = PBXResourcesBuildPhase;
			buildActionMask = 2147483647;
			files = (
			);
			runOnlyForDeploymentPostprocessing = 0;
		};
		44EF152E2D5C180100A2792D /* Resources */ = {
			isa = PBXResourcesBuildPhase;
			buildActionMask = 2147483647;
			files = (
			);
			runOnlyForDeploymentPostprocessing = 0;
		};
		44EF15382D5C180100A2792D /* Resources */ = {
			isa = PBXResourcesBuildPhase;
			buildActionMask = 2147483647;
			files = (
			);
			runOnlyForDeploymentPostprocessing = 0;
		};
/* End PBXResourcesBuildPhase section */

/* Begin PBXSourcesBuildPhase section */
		44EF151C2D5C17FF00A2792D /* Sources */ = {
			isa = PBXSourcesBuildPhase;
			buildActionMask = 2147483647;
			files = (
			);
			runOnlyForDeploymentPostprocessing = 0;
		};
		44EF152C2D5C180100A2792D /* Sources */ = {
			isa = PBXSourcesBuildPhase;
			buildActionMask = 2147483647;
			files = (
			);
			runOnlyForDeploymentPostprocessing = 0;
		};
		44EF15362D5C180100A2792D /* Sources */ = {
			isa = PBXSourcesBuildPhase;
			buildActionMask = 2147483647;
			files = (
			);
			runOnlyForDeploymentPostprocessing = 0;
		};
/* End PBXSourcesBuildPhase section */

/* Begin PBXTargetDependency section */
		44EF15322D5C180100A2792D /* PBXTargetDependency */ = {
			isa = PBXTargetDependency;
			target = 44EF151F2D5C17FF00A2792D /* RickAndMortySearchApp */;
			targetProxy = 44EF15312D5C180100A2792D /* PBXContainerItemProxy */;
		};
		44EF153C2D5C180100A2792D /* PBXTargetDependency */ = {
			isa = PBXTargetDependency;
			target = 44EF151F2D5C17FF00A2792D /* RickAndMortySearchApp */;
			targetProxy = 44EF153B2D5C180100A2792D /* PBXContainerItemProxy */;
		};
/* End PBXTargetDependency section */

/* Begin XCBuildConfiguration section */
		44EF15422D5C180100A2792D /* Debug */ = {
			isa = XCBuildConfiguration;
			buildSettings = {
				ALWAYS_SEARCH_USER_PATHS = NO;
				ASSETCATALOG_COMPILER_GENERATE_SWIFT_ASSET_SYMBOL_EXTENSIONS = YES;
				CLANG_ANALYZER_NONNULL = YES;
				CLANG_ANALYZER_NUMBER_OBJECT_CONVERSION = YES_AGGRESSIVE;
				CLANG_CXX_LANGUAGE_STANDARD = "gnu++20";
				CLANG_ENABLE_MODULES = YES;
				CLANG_ENABLE_OBJC_ARC = YES;
				CLANG_ENABLE_OBJC_WEAK = YES;
				CLANG_WARN_BLOCK_CAPTURE_AUTORELEASING = YES;
				CLANG_WARN_BOOL_CONVERSION = YES;
				CLANG_WARN_COMMA = YES;
				CLANG_WARN_CONSTANT_CONVERSION = YES;
				CLANG_WARN_DEPRECATED_OBJC_IMPLEMENTATIONS = YES;
				CLANG_WARN_DIRECT_OBJC_ISA_USAGE = YES_ERROR;
				CLANG_WARN_DOCUMENTATION_COMMENTS = YES;
				CLANG_WARN_EMPTY_BODY = YES;
				CLANG_WARN_ENUM_CONVERSION = YES;
				CLANG_WARN_INFINITE_RECURSION = YES;
				CLANG_WARN_INT_CONVERSION = YES;
				CLANG_WARN_NON_LITERAL_NULL_CONVERSION = YES;
				CLANG_WARN_OBJC_IMPLICIT_RETAIN_SELF = YES;
				CLANG_WARN_OBJC_LITERAL_CONVERSION = YES;
				CLANG_WARN_OBJC_ROOT_CLASS = YES_ERROR;
				CLANG_WARN_QUOTED_INCLUDE_IN_FRAMEWORK_HEADER = YES;
				CLANG_WARN_RANGE_LOOP_ANALYSIS = YES;
				CLANG_WARN_STRICT_PROTOTYPES = YES;
				CLANG_WARN_SUSPICIOUS_MOVE = YES;
				CLANG_WARN_UNGUARDED_AVAILABILITY = YES_AGGRESSIVE;
				CLANG_WARN_UNREACHABLE_CODE = YES;
				CLANG_WARN__DUPLICATE_METHOD_MATCH = YES;
				COPY_PHASE_STRIP = NO;
				DEBUG_INFORMATION_FORMAT = dwarf;
				ENABLE_STRICT_OBJC_MSGSEND = YES;
				ENABLE_TESTABILITY = YES;
				ENABLE_USER_SCRIPT_SANDBOXING = YES;
				GCC_C_LANGUAGE_STANDARD = gnu17;
				GCC_DYNAMIC_NO_PIC = NO;
				GCC_NO_COMMON_BLOCKS = YES;
				GCC_OPTIMIZATION_LEVEL = 0;
				GCC_PREPROCESSOR_DEFINITIONS = (
					"DEBUG=1",
					"$(inherited)",
				);
				GCC_WARN_64_TO_32_BIT_CONVERSION = YES;
				GCC_WARN_ABOUT_RETURN_TYPE = YES_ERROR;
				GCC_WARN_UNDECLARED_SELECTOR = YES;
				GCC_WARN_UNINITIALIZED_AUTOS = YES_AGGRESSIVE;
				GCC_WARN_UNUSED_FUNCTION = YES;
				GCC_WARN_UNUSED_VARIABLE = YES;
				IPHONEOS_DEPLOYMENT_TARGET = 18.0;
				LOCALIZATION_PREFERS_STRING_CATALOGS = YES;
				MTL_ENABLE_DEBUG_INFO = INCLUDE_SOURCE;
				MTL_FAST_MATH = YES;
				ONLY_ACTIVE_ARCH = YES;
				SDKROOT = iphoneos;
				SWIFT_ACTIVE_COMPILATION_CONDITIONS = "DEBUG $(inherited)";
				SWIFT_OPTIMIZATION_LEVEL = "-Onone";
			};
			name = Debug;
		};
		44EF15432D5C180100A2792D /* Release */ = {
			isa = XCBuildConfiguration;
			buildSettings = {
				ALWAYS_SEARCH_USER_PATHS = NO;
				ASSETCATALOG_COMPILER_GENERATE_SWIFT_ASSET_SYMBOL_EXTENSIONS = YES;
				CLANG_ANALYZER_NONNULL = YES;
				CLANG_ANALYZER_NUMBER_OBJECT_CONVERSION = YES_AGGRESSIVE;
				CLANG_CXX_LANGUAGE_STANDARD = "gnu++20";
				CLANG_ENABLE_MODULES = YES;
				CLANG_ENABLE_OBJC_ARC = YES;
				CLANG_ENABLE_OBJC_WEAK = YES;
				CLANG_WARN_BLOCK_CAPTURE_AUTORELEASING = YES;
				CLANG_WARN_BOOL_CONVERSION = YES;
				CLANG_WARN_COMMA = YES;
				CLANG_WARN_CONSTANT_CONVERSION = YES;
				CLANG_WARN_DEPRECATED_OBJC_IMPLEMENTATIONS = YES;
				CLANG_WARN_DIRECT_OBJC_ISA_USAGE = YES_ERROR;
				CLANG_WARN_DOCUMENTATION_COMMENTS = YES;
				CLANG_WARN_EMPTY_BODY = YES;
				CLANG_WARN_ENUM_CONVERSION = YES;
				CLANG_WARN_INFINITE_RECURSION = YES;
				CLANG_WARN_INT_CONVERSION = YES;
				CLANG_WARN_NON_LITERAL_NULL_CONVERSION = YES;
				CLANG_WARN_OBJC_IMPLICIT_RETAIN_SELF = YES;
				CLANG_WARN_OBJC_LITERAL_CONVERSION = YES;
				CLANG_WARN_OBJC_ROOT_CLASS = YES_ERROR;
				CLANG_WARN_QUOTED_INCLUDE_IN_FRAMEWORK_HEADER = YES;
				CLANG_WARN_RANGE_LOOP_ANALYSIS = YES;
				CLANG_WARN_STRICT_PROTOTYPES = YES;
				CLANG_WARN_SUSPICIOUS_MOVE = YES;
				CLANG_WARN_UNGUARDED_AVAILABILITY = YES_AGGRESSIVE;
				CLANG_WARN_UNREACHABLE_CODE = YES;
				CLANG_WARN__DUPLICATE_METHOD_MATCH = YES;
				COPY_PHASE_STRIP = NO;
				DEBUG_INFORMATION_FORMAT = "dwarf-with-dsym";
				ENABLE_NS_ASSERTIONS = NO;
				ENABLE_STRICT_OBJC_MSGSEND = YES;
				ENABLE_USER_SCRIPT_SANDBOXING = YES;
				GCC_C_LANGUAGE_STANDARD = gnu17;
				GCC_NO_COMMON_BLOCKS = YES;
				GCC_WARN_64_TO_32_BIT_CONVERSION = YES;
				GCC_WARN_ABOUT_RETURN_TYPE = YES_ERROR;
				GCC_WARN_UNDECLARED_SELECTOR = YES;
				GCC_WARN_UNINITIALIZED_AUTOS = YES_AGGRESSIVE;
				GCC_WARN_UNUSED_FUNCTION = YES;
				GCC_WARN_UNUSED_VARIABLE = YES;
				IPHONEOS_DEPLOYMENT_TARGET = 18.0;
				LOCALIZATION_PREFERS_STRING_CATALOGS = YES;
				MTL_ENABLE_DEBUG_INFO = NO;
				MTL_FAST_MATH = YES;
				SDKROOT = iphoneos;
				SWIFT_COMPILATION_MODE = wholemodule;
				VALIDATE_PRODUCT = YES;
			};
			name = Release;
		};
		44EF15452D5C180100A2792D /* Debug */ = {
			isa = XCBuildConfiguration;
			buildSettings = {
				ASSETCATALOG_COMPILER_APPICON_NAME = AppIcon;
				ASSETCATALOG_COMPILER_GLOBAL_ACCENT_COLOR_NAME = AccentColor;
				CODE_SIGN_STYLE = Automatic;
				CURRENT_PROJECT_VERSION = 1;
				DEVELOPMENT_ASSET_PATHS = "\"RickAndMortySearchApp/Preview Content\"";
				DEVELOPMENT_TEAM = SB5RP826HH;
				ENABLE_PREVIEWS = YES;
				GENERATE_INFOPLIST_FILE = YES;
				INFOPLIST_KEY_UIApplicationSceneManifest_Generation = YES;
				INFOPLIST_KEY_UIApplicationSupportsIndirectInputEvents = YES;
				INFOPLIST_KEY_UILaunchScreen_Generation = YES;
				INFOPLIST_KEY_UISupportedInterfaceOrientations_iPad = "UIInterfaceOrientationPortrait UIInterfaceOrientationPortraitUpsideDown UIInterfaceOrientationLandscapeLeft UIInterfaceOrientationLandscapeRight";
				INFOPLIST_KEY_UISupportedInterfaceOrientations_iPhone = "UIInterfaceOrientationPortrait UIInterfaceOrientationLandscapeLeft UIInterfaceOrientationLandscapeRight";
				LD_RUNPATH_SEARCH_PATHS = (
					"$(inherited)",
					"@executable_path/Frameworks",
				);
				MARKETING_VERSION = 1.0;
				PRODUCT_BUNDLE_IDENTIFIER = com.SurajRajuDhopati.RickAndMortySearchApp;
				PRODUCT_NAME = "$(TARGET_NAME)";
				SWIFT_EMIT_LOC_STRINGS = YES;
				SWIFT_VERSION = 5.0;
				TARGETED_DEVICE_FAMILY = "1,2";
			};
			name = Debug;
		};
		44EF15462D5C180100A2792D /* Release */ = {
			isa = XCBuildConfiguration;
			buildSettings = {
				ASSETCATALOG_COMPILER_APPICON_NAME = AppIcon;
				ASSETCATALOG_COMPILER_GLOBAL_ACCENT_COLOR_NAME = AccentColor;
				CODE_SIGN_STYLE = Automatic;
				CURRENT_PROJECT_VERSION = 1;
				DEVELOPMENT_ASSET_PATHS = "\"RickAndMortySearchApp/Preview Content\"";
				DEVELOPMENT_TEAM = SB5RP826HH;
				ENABLE_PREVIEWS = YES;
				GENERATE_INFOPLIST_FILE = YES;
				INFOPLIST_KEY_UIApplicationSceneManifest_Generation = YES;
				INFOPLIST_KEY_UIApplicationSupportsIndirectInputEvents = YES;
				INFOPLIST_KEY_UILaunchScreen_Generation = YES;
				INFOPLIST_KEY_UISupportedInterfaceOrientations_iPad = "UIInterfaceOrientationPortrait UIInterfaceOrientationPortraitUpsideDown UIInterfaceOrientationLandscapeLeft UIInterfaceOrientationLandscapeRight";
				INFOPLIST_KEY_UISupportedInterfaceOrientations_iPhone = "UIInterfaceOrientationPortrait UIInterfaceOrientationLandscapeLeft UIInterfaceOrientationLandscapeRight";
				LD_RUNPATH_SEARCH_PATHS = (
					"$(inherited)",
					"@executable_path/Frameworks",
				);
				MARKETING_VERSION = 1.0;
				PRODUCT_BUNDLE_IDENTIFIER = com.SurajRajuDhopati.RickAndMortySearchApp;
				PRODUCT_NAME = "$(TARGET_NAME)";
				SWIFT_EMIT_LOC_STRINGS = YES;
				SWIFT_VERSION = 5.0;
				TARGETED_DEVICE_FAMILY = "1,2";
			};
			name = Release;
		};
		44EF15482D5C180100A2792D /* Debug */ = {
			isa = XCBuildConfiguration;
			buildSettings = {
				BUNDLE_LOADER = "$(TEST_HOST)";
				CODE_SIGN_STYLE = Automatic;
				CURRENT_PROJECT_VERSION = 1;
				DEVELOPMENT_TEAM = SB5RP826HH;
				GENERATE_INFOPLIST_FILE = YES;
				IPHONEOS_DEPLOYMENT_TARGET = 18.0;
				MARKETING_VERSION = 1.0;
				PRODUCT_BUNDLE_IDENTIFIER = com.SurajRajuDhopati.RickAndMortySearchAppTests;
				PRODUCT_NAME = "$(TARGET_NAME)";
				SWIFT_EMIT_LOC_STRINGS = NO;
				SWIFT_VERSION = 5.0;
				TARGETED_DEVICE_FAMILY = "1,2";
				TEST_HOST = "$(BUILT_PRODUCTS_DIR)/RickAndMortySearchApp.app/$(BUNDLE_EXECUTABLE_FOLDER_PATH)/RickAndMortySearchApp";
			};
			name = Debug;
		};
		44EF15492D5C180100A2792D /* Release */ = {
			isa = XCBuildConfiguration;
			buildSettings = {
				BUNDLE_LOADER = "$(TEST_HOST)";
				CODE_SIGN_STYLE = Automatic;
				CURRENT_PROJECT_VERSION = 1;
				DEVELOPMENT_TEAM = SB5RP826HH;
				GENERATE_INFOPLIST_FILE = YES;
				IPHONEOS_DEPLOYMENT_TARGET = 18.0;
				MARKETING_VERSION = 1.0;
				PRODUCT_BUNDLE_IDENTIFIER = com.SurajRajuDhopati.RickAndMortySearchAppTests;
				PRODUCT_NAME = "$(TARGET_NAME)";
				SWIFT_EMIT_LOC_STRINGS = NO;
				SWIFT_VERSION = 5.0;
				TARGETED_DEVICE_FAMILY = "1,2";
				TEST_HOST = "$(BUILT_PRODUCTS_DIR)/RickAndMortySearchApp.app/$(BUNDLE_EXECUTABLE_FOLDER_PATH)/RickAndMortySearchApp";
			};
			name = Release;
		};
		44EF154B2D5C180100A2792D /* Debug */ = {
			isa = XCBuildConfiguration;
			buildSettings = {
				CODE_SIGN_STYLE = Automatic;
				CURRENT_PROJECT_VERSION = 1;
				DEVELOPMENT_TEAM = SB5RP826HH;
				GENERATE_INFOPLIST_FILE = YES;
				MARKETING_VERSION = 1.0;
				PRODUCT_BUNDLE_IDENTIFIER = com.SurajRajuDhopati.RickAndMortySearchAppUITests;
				PRODUCT_NAME = "$(TARGET_NAME)";
				SWIFT_EMIT_LOC_STRINGS = NO;
				SWIFT_VERSION = 5.0;
				TARGETED_DEVICE_FAMILY = "1,2";
				TEST_TARGET_NAME = RickAndMortySearchApp;
			};
			name = Debug;
		};
		44EF154C2D5C180100A2792D /* Release */ = {
			isa = XCBuildConfiguration;
			buildSettings = {
				CODE_SIGN_STYLE = Automatic;
				CURRENT_PROJECT_VERSION = 1;
				DEVELOPMENT_TEAM = SB5RP826HH;
				GENERATE_INFOPLIST_FILE = YES;
				MARKETING_VERSION = 1.0;
				PRODUCT_BUNDLE_IDENTIFIER = com.SurajRajuDhopati.RickAndMortySearchAppUITests;
				PRODUCT_NAME = "$(TARGET_NAME)";
				SWIFT_EMIT_LOC_STRINGS = NO;
				SWIFT_VERSION = 5.0;
				TARGETED_DEVICE_FAMILY = "1,2";
				TEST_TARGET_NAME = RickAndMortySearchApp;
			};
			name = Release;
		};
/* End XCBuildConfiguration section */

/* Begin XCConfigurationList section */
		44EF151B2D5C17FF00A2792D /* Build configuration list for PBXProject "RickAndMortySearchApp" */ = {
			isa = XCConfigurationList;
			buildConfigurations = (
				44EF15422D5C180100A2792D /* Debug */,
				44EF15432D5C180100A2792D /* Release */,
			);
			defaultConfigurationIsVisible = 0;
			defaultConfigurationName = Release;
		};
		44EF15442D5C180100A2792D /* Build configuration list for PBXNativeTarget "RickAndMortySearchApp" */ = {
			isa = XCConfigurationList;
			buildConfigurations = (
				44EF15452D5C180100A2792D /* Debug */,
				44EF15462D5C180100A2792D /* Release */,
			);
			defaultConfigurationIsVisible = 0;
			defaultConfigurationName = Release;
		};
		44EF15472D5C180100A2792D /* Build configuration list for PBXNativeTarget "RickAndMortySearchAppTests" */ = {
			isa = XCConfigurationList;
			buildConfigurations = (
				44EF15482D5C180100A2792D /* Debug */,
				44EF15492D5C180100A2792D /* Release */,
			);
			defaultConfigurationIsVisible = 0;
			defaultConfigurationName = Release;
		};
		44EF154A2D5C180100A2792D /* Build configuration list for PBXNativeTarget "RickAndMortySearchAppUITests" */ = {
			isa = XCConfigurationList;
			buildConfigurations = (
				44EF154B2D5C180100A2792D /* Debug */,
				44EF154C2D5C180100A2792D /* Release */,
			);
			defaultConfigurationIsVisible = 0;
			defaultConfigurationName = Release;
		};
/* End XCConfigurationList section */
	};
	rootObject = 44EF15182D5C17FF00A2792D /* Project object */;
}
